
Microsoft Visual Studio Solution File, Format Version 12.00
# Visual Studio Version 16
VisualStudioVersion = 16.0.31729.503
MinimumVisualStudioVersion = 10.0.40219.1
Project("{FAE04EC0-301F-11D3-BF4B-00C04F79EFBC}") = "DelegatesDemo", "DelegatesDemo.csproj", "{B4F6539F-1A37-42F7-83C4-6A5C002211E2}"
EndProject
Global
	GlobalSection(SolutionConfigurationPlatforms) = preSolution
		Debug|Any CPU = Debug|Any CPU
		Release|Any CPU = Release|Any CPU
	EndGlobalSection
	GlobalSection(ProjectConfigurationPlatforms) = postSolution
		{B4F6539F-1A37-42F7-83C4-6A5C002211E2}.Debug|Any CPU.ActiveCfg = Debug|Any CPU
		{B4F6539F-1A37-42F7-83C4-6A5C002211E2}.Debug|Any CPU.Build.0 = Debug|Any CPU
		{B4F6539F-1A37-42F7-83C4-6A5C002211E2}.Release|Any CPU.ActiveCfg = Release|Any CPU
		{B4F6539F-1A37-42F7-83C4-6A5C002211E2}.Release|Any CPU.Build.0 = Release|Any CPU
	EndGlobalSection
	GlobalSection(SolutionProperties) = preSolution
		HideSolutionNode = FALSE
	EndGlobalSection
	GlobalSection(ExtensibilityGlobals) = postSolution
		SolutionGuid = {DA995C70-F9D4-415A-8368-85AE464A38B8}
	EndGlobalSection
EndGlobal
