
Microsoft Visual Studio Solution File, Format Version 12.00
# Visual Studio Version 16
VisualStudioVersion = 16.0.31729.503
MinimumVisualStudioVersion = 10.0.40219.1
Project("{FAE04EC0-301F-11D3-BF4B-00C04F79EFBC}") = "LinqToXml", "LinqToXml.csproj", "{FE1F865A-EC34-4197-914B-210EBE797770}"
EndProject
Global
	GlobalSection(SolutionConfigurationPlatforms) = preSolution
		Debug|Any CPU = Debug|Any CPU
		Release|Any CPU = Release|Any CPU
	EndGlobalSection
	GlobalSection(ProjectConfigurationPlatforms) = postSolution
		{FE1F865A-EC34-4197-914B-210EBE797770}.Debug|Any CPU.ActiveCfg = Debug|Any CPU
		{FE1F865A-EC34-4197-914B-210EBE797770}.Debug|Any CPU.Build.0 = Debug|Any CPU
		{FE1F865A-EC34-4197-914B-210EBE797770}.Release|Any CPU.ActiveCfg = Release|Any CPU
		{FE1F865A-EC34-4197-914B-210EBE797770}.Release|Any CPU.Build.0 = Release|Any CPU
	EndGlobalSection
	GlobalSection(SolutionProperties) = preSolution
		HideSolutionNode = FALSE
	EndGlobalSection
	GlobalSection(ExtensibilityGlobals) = postSolution
		SolutionGuid = {881343D5-7D3A-49BD-9945-BFA2A75325EB}
	EndGlobalSection
EndGlobal
