
Microsoft Visual Studio Solution File, Format Version 12.00
# Visual Studio Version 16
VisualStudioVersion = 16.0.31613.86
MinimumVisualStudioVersion = 10.0.40219.1
Project("{FAE04EC0-301F-11D3-BF4B-00C04F79EFBC}") = "InheritanceC", "InheritanceC\InheritanceC.csproj", "{9CF8702E-998B-4D5B-A26C-D2C8C35A2D22}"
EndProject
Global
	GlobalSection(SolutionConfigurationPlatforms) = preSolution
		Debug|Any CPU = Debug|Any CPU
		Release|Any CPU = Release|Any CPU
	EndGlobalSection
	GlobalSection(ProjectConfigurationPlatforms) = postSolution
		{9CF8702E-998B-4D5B-A26C-D2C8C35A2D22}.Debug|Any CPU.ActiveCfg = Debug|Any CPU
		{9CF8702E-998B-4D5B-A26C-D2C8C35A2D22}.Debug|Any CPU.Build.0 = Debug|Any CPU
		{9CF8702E-998B-4D5B-A26C-D2C8C35A2D22}.Release|Any CPU.ActiveCfg = Release|Any CPU
		{9CF8702E-998B-4D5B-A26C-D2C8C35A2D22}.Release|Any CPU.Build.0 = Release|Any CPU
	EndGlobalSection
	GlobalSection(SolutionProperties) = preSolution
		HideSolutionNode = FALSE
	EndGlobalSection
	GlobalSection(ExtensibilityGlobals) = postSolution
		SolutionGuid = {963D34C7-D9A6-4E0F-A062-6C5FEC1153E6}
	EndGlobalSection
EndGlobal
